// !$*UTF8*$!
{
	archiveVersion = 1;
	classes = {
	};
	objectVersion = 56;
	objects = {

/* Begin PBXBuildFile section */
		76F05F9C2C6162980071F89D /* AppDelegate.swift in Sources */ = {isa = PBXBuildFile; fileRef = 76F05F9B2C6162980071F89D /* AppDelegate.swift */; };
		76F05FA02C6162980071F89D /* MainViewController.swift in Sources */ = {isa = PBXBuildFile; fileRef = 76F05F9F2C6162980071F89D /* MainViewController.swift */; };
		76F05FA52C61629A0071F89D /* Assets.xcassets in Resources */ = {isa = PBXBuildFile; fileRef = 76F05FA42C61629A0071F89D /* Assets.xcassets */; };
		76F05FA82C61629A0071F89D /* Base in Resources */ = {isa = PBXBuildFile; fileRef = 76F05FA72C61629A0071F89D /* Base */; };
		76F05FB42C61630A0071F89D /* .gitignore in Resources */ = {isa = PBXBuildFile; fileRef = 76F05FB32C61630A0071F89D /* .gitignore */; };
		76F05FB62C6163130071F89D /* README.md in Resources */ = {isa = PBXBuildFile; fileRef = 76F05FB52C6163130071F89D /* README.md */; };
		76F0600F2C62A8A10071F89D /* Movie.swift in Sources */ = {isa = PBXBuildFile; fileRef = 76F0600E2C62A8A10071F89D /* Movie.swift */; };
		76F060112C62A8A70071F89D /* Video.swift in Sources */ = {isa = PBXBuildFile; fileRef = 76F060102C62A8A70071F89D /* Video.swift */; };
		76F060132C62B2690071F89D /* PosterCell.swift in Sources */ = {isa = PBXBuildFile; fileRef = 76F060122C62B2690071F89D /* PosterCell.swift */; };
		76F060152C62B2760071F89D /* SectionHeaderView.swift in Sources */ = {isa = PBXBuildFile; fileRef = 76F060142C62B2760071F89D /* SectionHeaderView.swift */; };
		76F060172C62B28C0071F89D /* YoutubeViewController.swift in Sources */ = {isa = PBXBuildFile; fileRef = 76F060162C62B28C0071F89D /* YoutubeViewController.swift */; };
		76F0601A2C6339E80071F89D /* SnapKit in Frameworks */ = {isa = PBXBuildFile; productRef = 76F060192C6339E80071F89D /* SnapKit */; };
		76F0601C2C6339E80071F89D /* SnapKit-Dynamic in Frameworks */ = {isa = PBXBuildFile; productRef = 76F0601B2C6339E80071F89D /* SnapKit-Dynamic */; };
		76F0601E2C634BFB0071F89D /* MainViewModel.swift in Sources */ = {isa = PBXBuildFile; fileRef = 76F0601D2C634BFB0071F89D /* MainViewModel.swift */; };
		76F060202C634CCF0071F89D /* Secrets.xcconfig in Resources */ = {isa = PBXBuildFile; fileRef = 76F0601F2C634CCF0071F89D /* Secrets.xcconfig */; };
		76F060232C6360330071F89D /* NetworkManager.swift in Sources */ = {isa = PBXBuildFile; fileRef = 76F060222C6360330071F89D /* NetworkManager.swift */; };
/* End PBXBuildFile section */

/* Begin PBXFileReference section */
		76F05F982C6162970071F89D /* NetflixClone.app */ = {isa = PBXFileReference; explicitFileType = wrapper.application; includeInIndex = 0; path = NetflixClone.app; sourceTree = BUILT_PRODUCTS_DIR; };
		76F05F9B2C6162980071F89D /* AppDelegate.swift */ = {isa = PBXFileReference; lastKnownFileType = sourcecode.swift; path = AppDelegate.swift; sourceTree = "<group>"; };
		76F05F9F2C6162980071F89D /* MainViewController.swift */ = {isa = PBXFileReference; lastKnownFileType = sourcecode.swift; path = MainViewController.swift; sourceTree = "<group>"; };
		76F05FA42C61629A0071F89D /* Assets.xcassets */ = {isa = PBXFileReference; lastKnownFileType = folder.assetcatalog; path = Assets.xcassets; sourceTree = "<group>"; };
		76F05FA72C61629A0071F89D /* Base */ = {isa = PBXFileReference; lastKnownFileType = file.storyboard; name = Base; path = Base.lproj/LaunchScreen.storyboard; sourceTree = "<group>"; };
		76F05FA92C61629A0071F89D /* Info.plist */ = {isa = PBXFileReference; lastKnownFileType = text.plist.xml; path = Info.plist; sourceTree = "<group>"; };
		76F05FB32C61630A0071F89D /* .gitignore */ = {isa = PBXFileReference; lastKnownFileType = text; path = .gitignore; sourceTree = "<group>"; };
		76F05FB52C6163130071F89D /* README.md */ = {isa = PBXFileReference; lastKnownFileType = net.daringfireball.markdown; path = README.md; sourceTree = "<group>"; };
		76F0600E2C62A8A10071F89D /* Movie.swift */ = {isa = PBXFileReference; lastKnownFileType = sourcecode.swift; path = Movie.swift; sourceTree = "<group>"; };
		76F060102C62A8A70071F89D /* Video.swift */ = {isa = PBXFileReference; lastKnownFileType = sourcecode.swift; path = Video.swift; sourceTree = "<group>"; };
		76F060122C62B2690071F89D /* PosterCell.swift */ = {isa = PBXFileReference; lastKnownFileType = sourcecode.swift; path = PosterCell.swift; sourceTree = "<group>"; };
		76F060142C62B2760071F89D /* SectionHeaderView.swift */ = {isa = PBXFileReference; lastKnownFileType = sourcecode.swift; path = SectionHeaderView.swift; sourceTree = "<group>"; };
		76F060162C62B28C0071F89D /* YoutubeViewController.swift */ = {isa = PBXFileReference; lastKnownFileType = sourcecode.swift; path = YoutubeViewController.swift; sourceTree = "<group>"; };
		76F0601D2C634BFB0071F89D /* MainViewModel.swift */ = {isa = PBXFileReference; lastKnownFileType = sourcecode.swift; path = MainViewModel.swift; sourceTree = "<group>"; };
		76F0601F2C634CCF0071F89D /* Secrets.xcconfig */ = {isa = PBXFileReference; lastKnownFileType = text.xcconfig; path = Secrets.xcconfig; sourceTree = "<group>"; };
		76F060222C6360330071F89D /* NetworkManager.swift */ = {isa = PBXFileReference; lastKnownFileType = sourcecode.swift; path = NetworkManager.swift; sourceTree = "<group>"; };
/* End PBXFileReference section */

/* Begin PBXFrameworksBuildPhase section */
		76F05F952C6162970071F89D /* Frameworks */ = {
			isa = PBXFrameworksBuildPhase;
			buildActionMask = 2147483647;
			files = (
				76F0601A2C6339E80071F89D /* SnapKit in Frameworks */,
				76F0601C2C6339E80071F89D /* SnapKit-Dynamic in Frameworks */,
			);
			runOnlyForDeploymentPostprocessing = 0;
		};
/* End PBXFrameworksBuildPhase section */

/* Begin PBXGroup section */
		76F05F8F2C6162970071F89D = {
			isa = PBXGroup;
			children = (
				76F0601F2C634CCF0071F89D /* Secrets.xcconfig */,
				76F05FB52C6163130071F89D /* README.md */,
				76F05FB32C61630A0071F89D /* .gitignore */,
				76F05F9A2C6162970071F89D /* NetflixClone */,
				76F05F992C6162970071F89D /* Products */,
			);
			sourceTree = "<group>";
		};
		76F05F992C6162970071F89D /* Products */ = {
			isa = PBXGroup;
			children = (
				76F05F982C6162970071F89D /* NetflixClone.app */,
			);
			name = Products;
			sourceTree = "<group>";
		};
		76F05F9A2C6162970071F89D /* NetflixClone */ = {
			isa = PBXGroup;
			children = (
				76F060212C63601B0071F89D /* Common */,
				76F05FAF2C6162BA0071F89D /* App */,
				76F05FB02C6162BF0071F89D /* Model */,
				76F05FB22C6162CC0071F89D /* ViewModel */,
				76F05FB12C6162C70071F89D /* View */,
				76F05F9B2C6162980071F89D /* AppDelegate.swift */,
				76F05FA42C61629A0071F89D /* Assets.xcassets */,
				76F05FA62C61629A0071F89D /* LaunchScreen.storyboard */,
				76F05FA92C61629A0071F89D /* Info.plist */,
			);
			path = NetflixClone;
			sourceTree = "<group>";
		};
		76F05FAF2C6162BA0071F89D /* App */ = {
			isa = PBXGroup;
			children = (
			);
			path = App;
			sourceTree = "<group>";
		};
		76F05FB02C6162BF0071F89D /* Model */ = {
			isa = PBXGroup;
			children = (
				76F0600E2C62A8A10071F89D /* Movie.swift */,
				76F060102C62A8A70071F89D /* Video.swift */,
			);
			path = Model;
			sourceTree = "<group>";
		};
		76F05FB12C6162C70071F89D /* View */ = {
			isa = PBXGroup;
			children = (
				76F05F9F2C6162980071F89D /* MainViewController.swift */,
				76F060122C62B2690071F89D /* PosterCell.swift */,
				76F060142C62B2760071F89D /* SectionHeaderView.swift */,
				76F060162C62B28C0071F89D /* YoutubeViewController.swift */,
			);
			path = View;
			sourceTree = "<group>";
		};
		76F05FB22C6162CC0071F89D /* ViewModel */ = {
			isa = PBXGroup;
			children = (
				76F0601D2C634BFB0071F89D /* MainViewModel.swift */,
			);
			path = ViewModel;
			sourceTree = "<group>";
		};
		76F060212C63601B0071F89D /* Common */ = {
			isa = PBXGroup;
			children = (
				76F060222C6360330071F89D /* NetworkManager.swift */,
			);
			path = Common;
			sourceTree = "<group>";
		};
/* End PBXGroup section */

/* Begin PBXNativeTarget section */
		76F05F972C6162970071F89D /* NetflixClone */ = {
			isa = PBXNativeTarget;
			buildConfigurationList = 76F05FAC2C61629A0071F89D /* Build configuration list for PBXNativeTarget "NetflixClone" */;
			buildPhases = (
				76F05F942C6162970071F89D /* Sources */,
				76F05F952C6162970071F89D /* Frameworks */,
				76F05F962C6162970071F89D /* Resources */,
			);
			buildRules = (
			);
			dependencies = (
			);
			name = NetflixClone;
			packageProductDependencies = (
				76F060192C6339E80071F89D /* SnapKit */,
				76F0601B2C6339E80071F89D /* SnapKit-Dynamic */,
			);
			productName = NetflixClone;
			productReference = 76F05F982C6162970071F89D /* NetflixClone.app */;
			productType = "com.apple.product-type.application";
		};
/* End PBXNativeTarget section */

/* Begin PBXProject section */
		76F05F902C6162970071F89D /* Project object */ = {
			isa = PBXProject;
			attributes = {
				BuildIndependentTargetsInParallel = 1;
				LastSwiftUpdateCheck = 1540;
				LastUpgradeCheck = 1540;
				TargetAttributes = {
					76F05F972C6162970071F89D = {
						CreatedOnToolsVersion = 15.4;
					};
				};
			};
			buildConfigurationList = 76F05F932C6162970071F89D /* Build configuration list for PBXProject "NetflixClone" */;
			compatibilityVersion = "Xcode 14.0";
			developmentRegion = en;
			hasScannedForEncodings = 0;
			knownRegions = (
				en,
				Base,
			);
			mainGroup = 76F05F8F2C6162970071F89D;
			packageReferences = (
				76F060182C6339E80071F89D /* XCRemoteSwiftPackageReference "SnapKit" */,
			);
			productRefGroup = 76F05F992C6162970071F89D /* Products */;
			projectDirPath = "";
			projectRoot = "";
			targets = (
				76F05F972C6162970071F89D /* NetflixClone */,
			);
		};
/* End PBXProject section */

/* Begin PBXResourcesBuildPhase section */
		76F05F962C6162970071F89D /* Resources */ = {
			isa = PBXResourcesBuildPhase;
			buildActionMask = 2147483647;
			files = (
				76F05FB42C61630A0071F89D /* .gitignore in Resources */,
				76F060202C634CCF0071F89D /* Secrets.xcconfig in Resources */,
				76F05FA52C61629A0071F89D /* Assets.xcassets in Resources */,
				76F05FB62C6163130071F89D /* README.md in Resources */,
				76F05FA82C61629A0071F89D /* Base in Resources */,
			);
			runOnlyForDeploymentPostprocessing = 0;
		};
/* End PBXResourcesBuildPhase section */

/* Begin PBXSourcesBuildPhase section */
		76F05F942C6162970071F89D /* Sources */ = {
			isa = PBXSourcesBuildPhase;
			buildActionMask = 2147483647;
			files = (
				76F060232C6360330071F89D /* NetworkManager.swift in Sources */,
				76F05FA02C6162980071F89D /* MainViewController.swift in Sources */,
				76F060172C62B28C0071F89D /* YoutubeViewController.swift in Sources */,
				76F060152C62B2760071F89D /* SectionHeaderView.swift in Sources */,
				76F060132C62B2690071F89D /* PosterCell.swift in Sources */,
				76F05F9C2C6162980071F89D /* AppDelegate.swift in Sources */,
				76F0600F2C62A8A10071F89D /* Movie.swift in Sources */,
				76F060112C62A8A70071F89D /* Video.swift in Sources */,
				76F0601E2C634BFB0071F89D /* MainViewModel.swift in Sources */,
			);
			runOnlyForDeploymentPostprocessing = 0;
		};
/* End PBXSourcesBuildPhase section */

/* Begin PBXVariantGroup section */
		76F05FA62C61629A0071F89D /* LaunchScreen.storyboard */ = {
			isa = PBXVariantGroup;
			children = (
				76F05FA72C61629A0071F89D /* Base */,
			);
			name = LaunchScreen.storyboard;
			sourceTree = "<group>";
		};
/* End PBXVariantGroup section */

/* Begin XCBuildConfiguration section */
		76F05FAA2C61629A0071F89D /* Debug */ = {
			isa = XCBuildConfiguration;
			buildSettings = {
				ALWAYS_SEARCH_USER_PATHS = NO;
				ASSETCATALOG_COMPILER_GENERATE_SWIFT_ASSET_SYMBOL_EXTENSIONS = YES;
				CLANG_ANALYZER_NONNULL = YES;
				CLANG_ANALYZER_NUMBER_OBJECT_CONVERSION = YES_AGGRESSIVE;
				CLANG_CXX_LANGUAGE_STANDARD = "gnu++20";
				CLANG_ENABLE_MODULES = YES;
				CLANG_ENABLE_OBJC_ARC = YES;
				CLANG_ENABLE_OBJC_WEAK = YES;
				CLANG_WARN_BLOCK_CAPTURE_AUTORELEASING = YES;
				CLANG_WARN_BOOL_CONVERSION = YES;
				CLANG_WARN_COMMA = YES;
				CLANG_WARN_CONSTANT_CONVERSION = YES;
				CLANG_WARN_DEPRECATED_OBJC_IMPLEMENTATIONS = YES;
				CLANG_WARN_DIRECT_OBJC_ISA_USAGE = YES_ERROR;
				CLANG_WARN_DOCUMENTATION_COMMENTS = YES;
				CLANG_WARN_EMPTY_BODY = YES;
				CLANG_WARN_ENUM_CONVERSION = YES;
				CLANG_WARN_INFINITE_RECURSION = YES;
				CLANG_WARN_INT_CONVERSION = YES;
				CLANG_WARN_NON_LITERAL_NULL_CONVERSION = YES;
				CLANG_WARN_OBJC_IMPLICIT_RETAIN_SELF = YES;
				CLANG_WARN_OBJC_LITERAL_CONVERSION = YES;
				CLANG_WARN_OBJC_ROOT_CLASS = YES_ERROR;
				CLANG_WARN_QUOTED_INCLUDE_IN_FRAMEWORK_HEADER = YES;
				CLANG_WARN_RANGE_LOOP_ANALYSIS = YES;
				CLANG_WARN_STRICT_PROTOTYPES = YES;
				CLANG_WARN_SUSPICIOUS_MOVE = YES;
				CLANG_WARN_UNGUARDED_AVAILABILITY = YES_AGGRESSIVE;
				CLANG_WARN_UNREACHABLE_CODE = YES;
				CLANG_WARN__DUPLICATE_METHOD_MATCH = YES;
				COPY_PHASE_STRIP = NO;
				DEBUG_INFORMATION_FORMAT = dwarf;
				ENABLE_STRICT_OBJC_MSGSEND = YES;
				ENABLE_TESTABILITY = YES;
				ENABLE_USER_SCRIPT_SANDBOXING = YES;
				GCC_C_LANGUAGE_STANDARD = gnu17;
				GCC_DYNAMIC_NO_PIC = NO;
				GCC_NO_COMMON_BLOCKS = YES;
				GCC_OPTIMIZATION_LEVEL = 0;
				GCC_PREPROCESSOR_DEFINITIONS = (
					"DEBUG=1",
					"$(inherited)",
				);
				GCC_WARN_64_TO_32_BIT_CONVERSION = YES;
				GCC_WARN_ABOUT_RETURN_TYPE = YES_ERROR;
				GCC_WARN_UNDECLARED_SELECTOR = YES;
				GCC_WARN_UNINITIALIZED_AUTOS = YES_AGGRESSIVE;
				GCC_WARN_UNUSED_FUNCTION = YES;
				GCC_WARN_UNUSED_VARIABLE = YES;
				IPHONEOS_DEPLOYMENT_TARGET = 17.5;
				LOCALIZATION_PREFERS_STRING_CATALOGS = YES;
				MTL_ENABLE_DEBUG_INFO = INCLUDE_SOURCE;
				MTL_FAST_MATH = YES;
				ONLY_ACTIVE_ARCH = YES;
				SDKROOT = iphoneos;
				SWIFT_ACTIVE_COMPILATION_CONDITIONS = "DEBUG $(inherited)";
				SWIFT_OPTIMIZATION_LEVEL = "-Onone";
			};
			name = Debug;
		};
		76F05FAB2C61629A0071F89D /* Release */ = {
			isa = XCBuildConfiguration;
			buildSettings = {
				ALWAYS_SEARCH_USER_PATHS = NO;
				ASSETCATALOG_COMPILER_GENERATE_SWIFT_ASSET_SYMBOL_EXTENSIONS = YES;
				CLANG_ANALYZER_NONNULL = YES;
				CLANG_ANALYZER_NUMBER_OBJECT_CONVERSION = YES_AGGRESSIVE;
				CLANG_CXX_LANGUAGE_STANDARD = "gnu++20";
				CLANG_ENABLE_MODULES = YES;
				CLANG_ENABLE_OBJC_ARC = YES;
				CLANG_ENABLE_OBJC_WEAK = YES;
				CLANG_WARN_BLOCK_CAPTURE_AUTORELEASING = YES;
				CLANG_WARN_BOOL_CONVERSION = YES;
				CLANG_WARN_COMMA = YES;
				CLANG_WARN_CONSTANT_CONVERSION = YES;
				CLANG_WARN_DEPRECATED_OBJC_IMPLEMENTATIONS = YES;
				CLANG_WARN_DIRECT_OBJC_ISA_USAGE = YES_ERROR;
				CLANG_WARN_DOCUMENTATION_COMMENTS = YES;
				CLANG_WARN_EMPTY_BODY = YES;
				CLANG_WARN_ENUM_CONVERSION = YES;
				CLANG_WARN_INFINITE_RECURSION = YES;
				CLANG_WARN_INT_CONVERSION = YES;
				CLANG_WARN_NON_LITERAL_NULL_CONVERSION = YES;
				CLANG_WARN_OBJC_IMPLICIT_RETAIN_SELF = YES;
				CLANG_WARN_OBJC_LITERAL_CONVERSION = YES;
				CLANG_WARN_OBJC_ROOT_CLASS = YES_ERROR;
				CLANG_WARN_QUOTED_INCLUDE_IN_FRAMEWORK_HEADER = YES;
				CLANG_WARN_RANGE_LOOP_ANALYSIS = YES;
				CLANG_WARN_STRICT_PROTOTYPES = YES;
				CLANG_WARN_SUSPICIOUS_MOVE = YES;
				CLANG_WARN_UNGUARDED_AVAILABILITY = YES_AGGRESSIVE;
				CLANG_WARN_UNREACHABLE_CODE = YES;
				CLANG_WARN__DUPLICATE_METHOD_MATCH = YES;
				COPY_PHASE_STRIP = NO;
				DEBUG_INFORMATION_FORMAT = "dwarf-with-dsym";
				ENABLE_NS_ASSERTIONS = NO;
				ENABLE_STRICT_OBJC_MSGSEND = YES;
				ENABLE_USER_SCRIPT_SANDBOXING = YES;
				GCC_C_LANGUAGE_STANDARD = gnu17;
				GCC_NO_COMMON_BLOCKS = YES;
				GCC_WARN_64_TO_32_BIT_CONVERSION = YES;
				GCC_WARN_ABOUT_RETURN_TYPE = YES_ERROR;
				GCC_WARN_UNDECLARED_SELECTOR = YES;
				GCC_WARN_UNINITIALIZED_AUTOS = YES_AGGRESSIVE;
				GCC_WARN_UNUSED_FUNCTION = YES;
				GCC_WARN_UNUSED_VARIABLE = YES;
				IPHONEOS_DEPLOYMENT_TARGET = 17.5;
				LOCALIZATION_PREFERS_STRING_CATALOGS = YES;
				MTL_ENABLE_DEBUG_INFO = NO;
				MTL_FAST_MATH = YES;
				SDKROOT = iphoneos;
				SWIFT_COMPILATION_MODE = wholemodule;
				VALIDATE_PRODUCT = YES;
			};
			name = Release;
		};
		76F05FAD2C61629A0071F89D /* Debug */ = {
			isa = XCBuildConfiguration;
			baseConfigurationReference = 76F0601F2C634CCF0071F89D /* Secrets.xcconfig */;
			buildSettings = {
				ASSETCATALOG_COMPILER_APPICON_NAME = AppIcon;
				ASSETCATALOG_COMPILER_GLOBAL_ACCENT_COLOR_NAME = AccentColor;
				CODE_SIGN_STYLE = Automatic;
				CURRENT_PROJECT_VERSION = 1;
				DEVELOPMENT_TEAM = 4LTNHNC3S6;
				GENERATE_INFOPLIST_FILE = YES;
				INFOPLIST_FILE = NetflixClone/Info.plist;
				INFOPLIST_KEY_UIApplicationSupportsIndirectInputEvents = YES;
				INFOPLIST_KEY_UILaunchStoryboardName = LaunchScreen;
				INFOPLIST_KEY_UISupportedInterfaceOrientations_iPad = "UIInterfaceOrientationPortrait UIInterfaceOrientationPortraitUpsideDown UIInterfaceOrientationLandscapeLeft UIInterfaceOrientationLandscapeRight";
				INFOPLIST_KEY_UISupportedInterfaceOrientations_iPhone = "UIInterfaceOrientationPortrait UIInterfaceOrientationLandscapeLeft UIInterfaceOrientationLandscapeRight";
				LD_RUNPATH_SEARCH_PATHS = (
					"$(inherited)",
					"@executable_path/Frameworks",
				);
				MARKETING_VERSION = 1.0;
				PRODUCT_BUNDLE_IDENTIFIER = com.donghyeon.NetflixClone;
				PRODUCT_NAME = "$(TARGET_NAME)";
				SWIFT_EMIT_LOC_STRINGS = YES;
				SWIFT_VERSION = 5.0;
				TARGETED_DEVICE_FAMILY = "1,2";
			};
			name = Debug;
		};
		76F05FAE2C61629A0071F89D /* Release */ = {
			isa = XCBuildConfiguration;
			baseConfigurationReference = 76F0601F2C634CCF0071F89D /* Secrets.xcconfig */;
			buildSettings = {
				ASSETCATALOG_COMPILER_APPICON_NAME = AppIcon;
				ASSETCATALOG_COMPILER_GLOBAL_ACCENT_COLOR_NAME = AccentColor;
				CODE_SIGN_STYLE = Automatic;
				CURRENT_PROJECT_VERSION = 1;
				DEVELOPMENT_TEAM = 4LTNHNC3S6;
				GENERATE_INFOPLIST_FILE = YES;
				INFOPLIST_FILE = NetflixClone/Info.plist;
				INFOPLIST_KEY_UIApplicationSupportsIndirectInputEvents = YES;
				INFOPLIST_KEY_UILaunchStoryboardName = LaunchScreen;
				INFOPLIST_KEY_UISupportedInterfaceOrientations_iPad = "UIInterfaceOrientationPortrait UIInterfaceOrientationPortraitUpsideDown UIInterfaceOrientationLandscapeLeft UIInterfaceOrientationLandscapeRight";
				INFOPLIST_KEY_UISupportedInterfaceOrientations_iPhone = "UIInterfaceOrientationPortrait UIInterfaceOrientationLandscapeLeft UIInterfaceOrientationLandscapeRight";
				LD_RUNPATH_SEARCH_PATHS = (
					"$(inherited)",
					"@executable_path/Frameworks",
				);
				MARKETING_VERSION = 1.0;
				PRODUCT_BUNDLE_IDENTIFIER = com.donghyeon.NetflixClone;
				PRODUCT_NAME = "$(TARGET_NAME)";
				SWIFT_EMIT_LOC_STRINGS = YES;
				SWIFT_VERSION = 5.0;
				TARGETED_DEVICE_FAMILY = "1,2";
			};
			name = Release;
		};
/* End XCBuildConfiguration section */

/* Begin XCConfigurationList section */
		76F05F932C6162970071F89D /* Build configuration list for PBXProject "NetflixClone" */ = {
			isa = XCConfigurationList;
			buildConfigurations = (
				76F05FAA2C61629A0071F89D /* Debug */,
				76F05FAB2C61629A0071F89D /* Release */,
			);
			defaultConfigurationIsVisible = 0;
			defaultConfigurationName = Release;
		};
		76F05FAC2C61629A0071F89D /* Build configuration list for PBXNativeTarget "NetflixClone" */ = {
			isa = XCConfigurationList;
			buildConfigurations = (
				76F05FAD2C61629A0071F89D /* Debug */,
				76F05FAE2C61629A0071F89D /* Release */,
			);
			defaultConfigurationIsVisible = 0;
			defaultConfigurationName = Release;
		};
/* End XCConfigurationList section */

/* Begin XCRemoteSwiftPackageReference section */
		76F060182C6339E80071F89D /* XCRemoteSwiftPackageReference "SnapKit" */ = {
			isa = XCRemoteSwiftPackageReference;
			repositoryURL = "https://github.com/SnapKit/SnapKit.git";
			requirement = {
				kind = upToNextMajorVersion;
				minimumVersion = 5.7.1;
			};
		};
/* End XCRemoteSwiftPackageReference section */

/* Begin XCSwiftPackageProductDependency section */
		76F060192C6339E80071F89D /* SnapKit */ = {
			isa = XCSwiftPackageProductDependency;
			package = 76F060182C6339E80071F89D /* XCRemoteSwiftPackageReference "SnapKit" */;
			productName = SnapKit;
		};
		76F0601B2C6339E80071F89D /* SnapKit-Dynamic */ = {
			isa = XCSwiftPackageProductDependency;
			package = 76F060182C6339E80071F89D /* XCRemoteSwiftPackageReference "SnapKit" */;
			productName = "SnapKit-Dynamic";
		};
/* End XCSwiftPackageProductDependency section */
	};
	rootObject = 76F05F902C6162970071F89D /* Project object */;
}
